{
  "originHash" : "613f4009339a942836facee5c9b4b9bcbd31830d0156a57866e94832dd268b52",
  "pins" : [
    {
      "identity" : "capacitor-swift-pm",
      "kind" : "remoteSourceControl",
      "location" : "https://github.com/ionic-team/capacitor-swift-pm.git",
      "state" : {
        "revision" : "992959f0467c781eb6a1637e69d87481238c3672",
        "version" : "8.3.4"
      }
    }
  ],
  "version" : 3
}
